// !$*UTF8*$!
{
	archiveVersion = 1;
	classes = {
	};
	objectVersion = 46;
	objects = {

/* Begin PBXBuildFile section */
		EF1389CE1CE4D90F000F8988 /* main.m in Sources */ = {isa = PBXBuildFile; fileRef = EF1389CD1CE4D90F000F8988 /* main.m */; };
		EF1389D11CE4D90F000F8988 /* AppDelegate.m in Sources */ = {isa = PBXBuildFile; fileRef = EF1389D01CE4D90F000F8988 /* AppDelegate.m */; };
		EF1389D41CE4D90F000F8988 /* ViewController.m in Sources */ = {isa = PBXBuildFile; fileRef = EF1389D31CE4D90F000F8988 /* ViewController.m */; };
		EF1389D71CE4D90F000F8988 /* Main.storyboard in Resources */ = {isa = PBXBuildFile; fileRef = EF1389D51CE4D90F000F8988 /* Main.storyboard */; };
		EF1389D91CE4D90F000F8988 /* Assets.xcassets in Resources */ = {isa = PBXBuildFile; fileRef = EF1389D81CE4D90F000F8988 /* Assets.xcassets */; };
		EF1389DC1CE4D90F000F8988 /* LaunchScreen.storyboard in Resources */ = {isa = PBXBuildFile; fileRef = EF1389DA1CE4D90F000F8988 /* LaunchScreen.storyboard */; };
		EF1389E71CE4D90F000F8988 /* CareDemoTests.mm in Sources */ = {isa = PBXBuildFile; fileRef = EF1389E61CE4D90F000F8988 /* CareDemoTests.mm */; };
		EF1389F51CE4D99E000F8988 /* SCBigInteger.cpp in Sources */ = {isa = PBXBuildFile; fileRef = EF1389F21CE4D99E000F8988 /* SCBigInteger.cpp */; };
		EF1389F61CE4D99E000F8988 /* SCMontMath.cpp in Sources */ = {isa = PBXBuildFile; fileRef = EF1389F41CE4D99E000F8988 /* SCMontMath.cpp */; };
		EF1389F91CE4DB32000F8988 /* SCBlowfish.cpp in Sources */ = {isa = PBXBuildFile; fileRef = EF1389F71CE4DB32000F8988 /* SCBlowfish.cpp */; };
		EF1389FC1CE4DB4C000F8988 /* SCDiffieHellman.cpp in Sources */ = {isa = PBXBuildFile; fileRef = EF1389FA1CE4DB4C000F8988 /* SCDiffieHellman.cpp */; };
		EF1389FF1CE4E154000F8988 /* CDNetwork.mm in Sources */ = {isa = PBXBuildFile; fileRef = EF1389FE1CE4E154000F8988 /* CDNetwork.mm */; };
		EF138A021CE4E99C000F8988 /* CDNetworkCookies.m in Sources */ = {isa = PBXBuildFile; fileRef = EF138A011CE4E99C000F8988 /* CDNetworkCookies.m */; };
		EF138A051CE606CF000F8988 /* SCKeychain.m in Sources */ = {isa = PBXBuildFile; fileRef = EF138A041CE606CF000F8988 /* SCKeychain.m */; };
		EF138A091CE60827000F8988 /* CDNetworkRequest.m in Sources */ = {isa = PBXBuildFile; fileRef = EF138A081CE60827000F8988 /* CDNetworkRequest.m */; };
		EF138A0C1CE60842000F8988 /* CDNetworkResponse.m in Sources */ = {isa = PBXBuildFile; fileRef = EF138A0B1CE60842000F8988 /* CDNetworkResponse.m */; };
		EF138A121CE62407000F8988 /* CDLoginViewController.m in Sources */ = {isa = PBXBuildFile; fileRef = EF138A111CE62407000F8988 /* CDLoginViewController.m */; };
		EF138A211CE6A1AD000F8988 /* CareKit.framework in Frameworks */ = {isa = PBXBuildFile; fileRef = EF138A1E1CE6A19A000F8988 /* CareKit.framework */; };
		EF138A221CE6A1AD000F8988 /* CareKit.framework in Embed Frameworks */ = {isa = PBXBuildFile; fileRef = EF138A1E1CE6A19A000F8988 /* CareKit.framework */; settings = {ATTRIBUTES = (CodeSignOnCopy, RemoveHeadersOnCopy, ); }; };
		EF138A291CE6B466000F8988 /* CDCarePlanStoreManager.m in Sources */ = {isa = PBXBuildFile; fileRef = EF138A281CE6B466000F8988 /* CDCarePlanStoreManager.m */; };
		EF138A681CEA497C000F8988 /* Settings.storyboard in Resources */ = {isa = PBXBuildFile; fileRef = EF138A661CEA497C000F8988 /* Settings.storyboard */; };
		EF138A6B1CEA4993000F8988 /* Login.storyboard in Resources */ = {isa = PBXBuildFile; fileRef = EF138A691CEA4993000F8988 /* Login.storyboard */; };
		EF318F531CEA615600463E1C /* ResearchKit.framework in Frameworks */ = {isa = PBXBuildFile; fileRef = EF318F501CEA612900463E1C /* ResearchKit.framework */; };
		EF318F541CEA615600463E1C /* ResearchKit.framework in Embed Frameworks */ = {isa = PBXBuildFile; fileRef = EF318F501CEA612900463E1C /* ResearchKit.framework */; settings = {ATTRIBUTES = (CodeSignOnCopy, RemoveHeadersOnCopy, ); }; };
		EF3DB39E1CEB5C410066024A /* HealthKit.framework in Frameworks */ = {isa = PBXBuildFile; fileRef = EF3DB39D1CEB5C410066024A /* HealthKit.framework */; };
/* End PBXBuildFile section */

/* Begin PBXContainerItemProxy section */
		EF1389E31CE4D90F000F8988 /* PBXContainerItemProxy */ = {
			isa = PBXContainerItemProxy;
			containerPortal = EF1389C11CE4D90F000F8988 /* Project object */;
			proxyType = 1;
			remoteGlobalIDString = EF1389C81CE4D90F000F8988;
			remoteInfo = CareDemo;
		};
		EF138A1D1CE6A19A000F8988 /* PBXContainerItemProxy */ = {
			isa = PBXContainerItemProxy;
			containerPortal = EF138A171CE6A19A000F8988 /* CareKit.xcodeproj */;
			proxyType = 2;
			remoteGlobalIDString = 8605A5BA1C4F04EC00DD65FF;
			remoteInfo = CareKit;
		};
		EF138A1F1CE6A19A000F8988 /* PBXContainerItemProxy */ = {
			isa = PBXContainerItemProxy;
			containerPortal = EF138A171CE6A19A000F8988 /* CareKit.xcodeproj */;
			proxyType = 2;
			remoteGlobalIDString = 8605A5C41C4F04EC00DD65FF;
			remoteInfo = CareKitTests;
		};
		EF138A231CE6A1AD000F8988 /* PBXContainerItemProxy */ = {
			isa = PBXContainerItemProxy;
			containerPortal = EF138A171CE6A19A000F8988 /* CareKit.xcodeproj */;
			proxyType = 1;
			remoteGlobalIDString = 8605A5B91C4F04EC00DD65FF;
			remoteInfo = CareKit;
		};
		EF318F4F1CEA612900463E1C /* PBXContainerItemProxy */ = {
			isa = PBXContainerItemProxy;
			containerPortal = EF318F471CEA612800463E1C /* ResearchKit.xcodeproj */;
			proxyType = 2;
			remoteGlobalIDString = B183A5951A8535D100C76870;
			remoteInfo = ResearchKit;
		};
		EF318F511CEA612900463E1C /* PBXContainerItemProxy */ = {
			isa = PBXContainerItemProxy;
			containerPortal = EF318F471CEA612800463E1C /* ResearchKit.xcodeproj */;
			proxyType = 2;
			remoteGlobalIDString = 86CC8E9A1AC09332001CCD89;
			remoteInfo = ResearchKitTests;
		};
		EF318F551CEA615600463E1C /* PBXContainerItemProxy */ = {
			isa = PBXContainerItemProxy;
			containerPortal = EF318F471CEA612800463E1C /* ResearchKit.xcodeproj */;
			proxyType = 1;
			remoteGlobalIDString = B183A4731A8535D100C76870;
			remoteInfo = ResearchKit;
		};
/* End PBXContainerItemProxy section */

/* Begin PBXCopyFilesBuildPhase section */
		EF138A251CE6A1AD000F8988 /* Embed Frameworks */ = {
			isa = PBXCopyFilesBuildPhase;
			buildActionMask = 2147483647;
			dstPath = "";
			dstSubfolderSpec = 10;
			files = (
				EF318F541CEA615600463E1C /* ResearchKit.framework in Embed Frameworks */,
				EF138A221CE6A1AD000F8988 /* CareKit.framework in Embed Frameworks */,
			);
			name = "Embed Frameworks";
			runOnlyForDeploymentPostprocessing = 0;
		};
/* End PBXCopyFilesBuildPhase section */

/* Begin PBXFileReference section */
		EF1389C91CE4D90F000F8988 /* CareDemo.app */ = {isa = PBXFileReference; explicitFileType = wrapper.application; includeInIndex = 0; path = CareDemo.app; sourceTree = BUILT_PRODUCTS_DIR; };
		EF1389CD1CE4D90F000F8988 /* main.m */ = {isa = PBXFileReference; lastKnownFileType = sourcecode.c.objc; path = main.m; sourceTree = "<group>"; };
		EF1389CF1CE4D90F000F8988 /* AppDelegate.h */ = {isa = PBXFileReference; lastKnownFileType = sourcecode.c.h; path = AppDelegate.h; sourceTree = "<group>"; };
		EF1389D01CE4D90F000F8988 /* AppDelegate.m */ = {isa = PBXFileReference; lastKnownFileType = sourcecode.c.objc; path = AppDelegate.m; sourceTree = "<group>"; };
		EF1389D21CE4D90F000F8988 /* ViewController.h */ = {isa = PBXFileReference; lastKnownFileType = sourcecode.c.h; path = ViewController.h; sourceTree = "<group>"; };
		EF1389D31CE4D90F000F8988 /* ViewController.m */ = {isa = PBXFileReference; lastKnownFileType = sourcecode.c.objc; path = ViewController.m; sourceTree = "<group>"; };
		EF1389D61CE4D90F000F8988 /* Base */ = {isa = PBXFileReference; lastKnownFileType = file.storyboard; name = Base; path = Base.lproj/Main.storyboard; sourceTree = "<group>"; };
		EF1389D81CE4D90F000F8988 /* Assets.xcassets */ = {isa = PBXFileReference; lastKnownFileType = folder.assetcatalog; path = Assets.xcassets; sourceTree = "<group>"; };
		EF1389DB1CE4D90F000F8988 /* Base */ = {isa = PBXFileReference; lastKnownFileType = file.storyboard; name = Base; path = Base.lproj/LaunchScreen.storyboard; sourceTree = "<group>"; };
		EF1389DD1CE4D90F000F8988 /* Info.plist */ = {isa = PBXFileReference; lastKnownFileType = text.plist.xml; path = Info.plist; sourceTree = "<group>"; };
		EF1389E21CE4D90F000F8988 /* CareDemoTests.xctest */ = {isa = PBXFileReference; explicitFileType = wrapper.cfbundle; includeInIndex = 0; path = CareDemoTests.xctest; sourceTree = BUILT_PRODUCTS_DIR; };
		EF1389E61CE4D90F000F8988 /* CareDemoTests.mm */ = {isa = PBXFileReference; lastKnownFileType = sourcecode.cpp.objcpp; path = CareDemoTests.mm; sourceTree = "<group>"; };
		EF1389E81CE4D90F000F8988 /* Info.plist */ = {isa = PBXFileReference; lastKnownFileType = text.plist.xml; path = Info.plist; sourceTree = "<group>"; };
		EF1389F21CE4D99E000F8988 /* SCBigInteger.cpp */ = {isa = PBXFileReference; fileEncoding = 4; lastKnownFileType = sourcecode.cpp.cpp; name = SCBigInteger.cpp; path = Network/SCBigInteger.cpp; sourceTree = "<group>"; };
		EF1389F31CE4D99E000F8988 /* SCBigInteger.h */ = {isa = PBXFileReference; fileEncoding = 4; lastKnownFileType = sourcecode.c.h; name = SCBigInteger.h; path = Network/SCBigInteger.h; sourceTree = "<group>"; };
		EF1389F41CE4D99E000F8988 /* SCMontMath.cpp */ = {isa = PBXFileReference; fileEncoding = 4; lastKnownFileType = sourcecode.cpp.cpp; name = SCMontMath.cpp; path = Network/SCMontMath.cpp; sourceTree = "<group>"; };
		EF1389F71CE4DB32000F8988 /* SCBlowfish.cpp */ = {isa = PBXFileReference; fileEncoding = 4; lastKnownFileType = sourcecode.cpp.cpp; name = SCBlowfish.cpp; path = Network/SCBlowfish.cpp; sourceTree = "<group>"; };
		EF1389F81CE4DB32000F8988 /* SCBlowfish.h */ = {isa = PBXFileReference; fileEncoding = 4; lastKnownFileType = sourcecode.c.h; name = SCBlowfish.h; path = Network/SCBlowfish.h; sourceTree = "<group>"; };
		EF1389FA1CE4DB4C000F8988 /* SCDiffieHellman.cpp */ = {isa = PBXFileReference; fileEncoding = 4; lastKnownFileType = sourcecode.cpp.cpp; name = SCDiffieHellman.cpp; path = Network/SCDiffieHellman.cpp; sourceTree = "<group>"; };
		EF1389FB1CE4DB4C000F8988 /* SCDiffieHellman.h */ = {isa = PBXFileReference; fileEncoding = 4; lastKnownFileType = sourcecode.c.h; name = SCDiffieHellman.h; path = Network/SCDiffieHellman.h; sourceTree = "<group>"; };
		EF1389FD1CE4E154000F8988 /* CDNetwork.h */ = {isa = PBXFileReference; fileEncoding = 4; lastKnownFileType = sourcecode.c.h; name = CDNetwork.h; path = Network/CDNetwork.h; sourceTree = "<group>"; };
		EF1389FE1CE4E154000F8988 /* CDNetwork.mm */ = {isa = PBXFileReference; fileEncoding = 4; lastKnownFileType = sourcecode.cpp.objcpp; name = CDNetwork.mm; path = Network/CDNetwork.mm; sourceTree = "<group>"; };
		EF138A001CE4E99C000F8988 /* CDNetworkCookies.h */ = {isa = PBXFileReference; fileEncoding = 4; lastKnownFileType = sourcecode.c.h; name = CDNetworkCookies.h; path = Network/CDNetworkCookies.h; sourceTree = "<group>"; };
		EF138A011CE4E99C000F8988 /* CDNetworkCookies.m */ = {isa = PBXFileReference; fileEncoding = 4; lastKnownFileType = sourcecode.c.objc; name = CDNetworkCookies.m; path = Network/CDNetworkCookies.m; sourceTree = "<group>"; };
		EF138A031CE606CF000F8988 /* SCKeychain.h */ = {isa = PBXFileReference; fileEncoding = 4; lastKnownFileType = sourcecode.c.h; name = SCKeychain.h; path = Network/SCKeychain.h; sourceTree = "<group>"; };
		EF138A041CE606CF000F8988 /* SCKeychain.m */ = {isa = PBXFileReference; fileEncoding = 4; lastKnownFileType = sourcecode.c.objc; name = SCKeychain.m; path = Network/SCKeychain.m; sourceTree = "<group>"; };
		EF138A071CE60827000F8988 /* CDNetworkRequest.h */ = {isa = PBXFileReference; fileEncoding = 4; lastKnownFileType = sourcecode.c.h; name = CDNetworkRequest.h; path = Network/CDNetworkRequest.h; sourceTree = "<group>"; };
		EF138A081CE60827000F8988 /* CDNetworkRequest.m */ = {isa = PBXFileReference; fileEncoding = 4; lastKnownFileType = sourcecode.c.objc; name = CDNetworkRequest.m; path = Network/CDNetworkRequest.m; sourceTree = "<group>"; };
		EF138A0A1CE60842000F8988 /* CDNetworkResponse.h */ = {isa = PBXFileReference; fileEncoding = 4; lastKnownFileType = sourcecode.c.h; name = CDNetworkResponse.h; path = Network/CDNetworkResponse.h; sourceTree = "<group>"; };
		EF138A0B1CE60842000F8988 /* CDNetworkResponse.m */ = {isa = PBXFileReference; fileEncoding = 4; lastKnownFileType = sourcecode.c.objc; name = CDNetworkResponse.m; path = Network/CDNetworkResponse.m; sourceTree = "<group>"; };
		EF138A101CE62407000F8988 /* CDLoginViewController.h */ = {isa = PBXFileReference; fileEncoding = 4; lastKnownFileType = sourcecode.c.h; path = CDLoginViewController.h; sourceTree = "<group>"; };
		EF138A111CE62407000F8988 /* CDLoginViewController.m */ = {isa = PBXFileReference; fileEncoding = 4; lastKnownFileType = sourcecode.c.objc; path = CDLoginViewController.m; sourceTree = "<group>"; };
		EF138A131CE64FAD000F8988 /* Notifications.h */ = {isa = PBXFileReference; lastKnownFileType = sourcecode.c.h; path = Notifications.h; sourceTree = "<group>"; };
		EF138A171CE6A19A000F8988 /* CareKit.xcodeproj */ = {isa = PBXFileReference; lastKnownFileType = "wrapper.pb-project"; name = CareKit.xcodeproj; path = CareKit/CareKit.xcodeproj; sourceTree = "<group>"; };
		EF138A271CE6B466000F8988 /* CDCarePlanStoreManager.h */ = {isa = PBXFileReference; fileEncoding = 4; lastKnownFileType = sourcecode.c.h; path = CDCarePlanStoreManager.h; sourceTree = "<group>"; };
		EF138A281CE6B466000F8988 /* CDCarePlanStoreManager.m */ = {isa = PBXFileReference; fileEncoding = 4; lastKnownFileType = sourcecode.c.objc; path = CDCarePlanStoreManager.m; sourceTree = "<group>"; };
		EF138A671CEA497C000F8988 /* Base */ = {isa = PBXFileReference; lastKnownFileType = file.storyboard; name = Base; path = Base.lproj/Settings.storyboard; sourceTree = "<group>"; };
		EF138A6A1CEA4993000F8988 /* Base */ = {isa = PBXFileReference; lastKnownFileType = file.storyboard; name = Base; path = Base.lproj/Login.storyboard; sourceTree = "<group>"; };
		EF318F471CEA612800463E1C /* ResearchKit.xcodeproj */ = {isa = PBXFileReference; lastKnownFileType = "wrapper.pb-project"; name = ResearchKit.xcodeproj; path = ResearchKit/ResearchKit.xcodeproj; sourceTree = "<group>"; };
		EF3DB39C1CEB5C400066024A /* CareDemo.entitlements */ = {isa = PBXFileReference; lastKnownFileType = text.xml; path = CareDemo.entitlements; sourceTree = "<group>"; };
		EF3DB39D1CEB5C410066024A /* HealthKit.framework */ = {isa = PBXFileReference; lastKnownFileType = wrapper.framework; name = HealthKit.framework; path = System/Library/Frameworks/HealthKit.framework; sourceTree = SDKROOT; };
/* End PBXFileReference section */

/* Begin PBXFrameworksBuildPhase section */
		EF1389C61CE4D90F000F8988 /* Frameworks */ = {
			isa = PBXFrameworksBuildPhase;
			buildActionMask = 2147483647;
			files = (
				EF3DB39E1CEB5C410066024A /* HealthKit.framework in Frameworks */,
				EF318F531CEA615600463E1C /* ResearchKit.framework in Frameworks */,
				EF138A211CE6A1AD000F8988 /* CareKit.framework in Frameworks */,
			);
			runOnlyForDeploymentPostprocessing = 0;
		};
		EF1389DF1CE4D90F000F8988 /* Frameworks */ = {
			isa = PBXFrameworksBuildPhase;
			buildActionMask = 2147483647;
			files = (
			);
			runOnlyForDeploymentPostprocessing = 0;
		};
/* End PBXFrameworksBuildPhase section */

/* Begin PBXGroup section */
		EF1389C01CE4D90F000F8988 = {
			isa = PBXGroup;
			children = (
				EF3DB39D1CEB5C410066024A /* HealthKit.framework */,
				EF318F471CEA612800463E1C /* ResearchKit.xcodeproj */,
				EF138A171CE6A19A000F8988 /* CareKit.xcodeproj */,
				EF1389F11CE4D940000F8988 /* Network */,
				EF1389CB1CE4D90F000F8988 /* CareDemo */,
				EF1389E51CE4D90F000F8988 /* CareDemoTests */,
				EF1389CA1CE4D90F000F8988 /* Products */,
			);
			sourceTree = "<group>";
		};
		EF1389CA1CE4D90F000F8988 /* Products */ = {
			isa = PBXGroup;
			children = (
				EF1389C91CE4D90F000F8988 /* CareDemo.app */,
				EF1389E21CE4D90F000F8988 /* CareDemoTests.xctest */,
			);
			name = Products;
			sourceTree = "<group>";
		};
		EF1389CB1CE4D90F000F8988 /* CareDemo */ = {
			isa = PBXGroup;
			children = (
				EF3DB39C1CEB5C400066024A /* CareDemo.entitlements */,
				EF138A261CE6B455000F8988 /* Store */,
				EF138A0F1CE623F2000F8988 /* View Controllers */,
				EF1389CF1CE4D90F000F8988 /* AppDelegate.h */,
				EF1389D01CE4D90F000F8988 /* AppDelegate.m */,
				EF1389D21CE4D90F000F8988 /* ViewController.h */,
				EF1389D31CE4D90F000F8988 /* ViewController.m */,
				EF1389D51CE4D90F000F8988 /* Main.storyboard */,
				EF1389DA1CE4D90F000F8988 /* LaunchScreen.storyboard */,
				EF138A691CEA4993000F8988 /* Login.storyboard */,
				EF138A661CEA497C000F8988 /* Settings.storyboard */,
				EF1389D81CE4D90F000F8988 /* Assets.xcassets */,
				EF1389DD1CE4D90F000F8988 /* Info.plist */,
				EF1389CC1CE4D90F000F8988 /* Supporting Files */,
				EF138A131CE64FAD000F8988 /* Notifications.h */,
			);
			path = CareDemo;
			sourceTree = "<group>";
		};
		EF1389CC1CE4D90F000F8988 /* Supporting Files */ = {
			isa = PBXGroup;
			children = (
				EF1389CD1CE4D90F000F8988 /* main.m */,
			);
			name = "Supporting Files";
			sourceTree = "<group>";
		};
		EF1389E51CE4D90F000F8988 /* CareDemoTests */ = {
			isa = PBXGroup;
			children = (
				EF1389E61CE4D90F000F8988 /* CareDemoTests.mm */,
				EF1389E81CE4D90F000F8988 /* Info.plist */,
			);
			path = CareDemoTests;
			sourceTree = "<group>";
		};
		EF1389F11CE4D940000F8988 /* Network */ = {
			isa = PBXGroup;
			children = (
				EF138A061CE607C9000F8988 /* Utils */,
				EF1389FD1CE4E154000F8988 /* CDNetwork.h */,
				EF1389FE1CE4E154000F8988 /* CDNetwork.mm */,
				EF138A001CE4E99C000F8988 /* CDNetworkCookies.h */,
				EF138A011CE4E99C000F8988 /* CDNetworkCookies.m */,
				EF138A071CE60827000F8988 /* CDNetworkRequest.h */,
				EF138A081CE60827000F8988 /* CDNetworkRequest.m */,
				EF138A0A1CE60842000F8988 /* CDNetworkResponse.h */,
				EF138A0B1CE60842000F8988 /* CDNetworkResponse.m */,
			);
			name = Network;
			sourceTree = "<group>";
		};
		EF138A061CE607C9000F8988 /* Utils */ = {
			isa = PBXGroup;
			children = (
				EF1389F21CE4D99E000F8988 /* SCBigInteger.cpp */,
				EF1389F31CE4D99E000F8988 /* SCBigInteger.h */,
				EF1389F41CE4D99E000F8988 /* SCMontMath.cpp */,
				EF1389F71CE4DB32000F8988 /* SCBlowfish.cpp */,
				EF1389F81CE4DB32000F8988 /* SCBlowfish.h */,
				EF1389FA1CE4DB4C000F8988 /* SCDiffieHellman.cpp */,
				EF1389FB1CE4DB4C000F8988 /* SCDiffieHellman.h */,
				EF138A031CE606CF000F8988 /* SCKeychain.h */,
				EF138A041CE606CF000F8988 /* SCKeychain.m */,
			);
			name = Utils;
			sourceTree = "<group>";
		};
		EF138A0F1CE623F2000F8988 /* View Controllers */ = {
			isa = PBXGroup;
			children = (
				EF138A101CE62407000F8988 /* CDLoginViewController.h */,
				EF138A111CE62407000F8988 /* CDLoginViewController.m */,
			);
			name = "View Controllers";
			sourceTree = "<group>";
		};
		EF138A181CE6A19A000F8988 /* Products */ = {
			isa = PBXGroup;
			children = (
				EF138A1E1CE6A19A000F8988 /* CareKit.framework */,
				EF138A201CE6A19A000F8988 /* CareKitTests.xctest */,
			);
			name = Products;
			sourceTree = "<group>";
		};
		EF138A261CE6B455000F8988 /* Store */ = {
			isa = PBXGroup;
			children = (
				EF138A271CE6B466000F8988 /* CDCarePlanStoreManager.h */,
				EF138A281CE6B466000F8988 /* CDCarePlanStoreManager.m */,
			);
			name = Store;
			sourceTree = "<group>";
		};
		EF318F481CEA612800463E1C /* Products */ = {
			isa = PBXGroup;
			children = (
				EF318F501CEA612900463E1C /* ResearchKit.framework */,
				EF318F521CEA612900463E1C /* ResearchKitTests.xctest */,
			);
			name = Products;
			sourceTree = "<group>";
		};
/* End PBXGroup section */

/* Begin PBXNativeTarget section */
		EF1389C81CE4D90F000F8988 /* CareDemo */ = {
			isa = PBXNativeTarget;
			buildConfigurationList = EF1389EB1CE4D90F000F8988 /* Build configuration list for PBXNativeTarget "CareDemo" */;
			buildPhases = (
				EF1389C51CE4D90F000F8988 /* Sources */,
				EF1389C61CE4D90F000F8988 /* Frameworks */,
				EF1389C71CE4D90F000F8988 /* Resources */,
				EF138A251CE6A1AD000F8988 /* Embed Frameworks */,
			);
			buildRules = (
			);
			dependencies = (
				EF138A241CE6A1AD000F8988 /* PBXTargetDependency */,
				EF318F561CEA615600463E1C /* PBXTargetDependency */,
			);
			name = CareDemo;
			productName = CareDemo;
			productReference = EF1389C91CE4D90F000F8988 /* CareDemo.app */;
			productType = "com.apple.product-type.application";
		};
		EF1389E11CE4D90F000F8988 /* CareDemoTests */ = {
			isa = PBXNativeTarget;
			buildConfigurationList = EF1389EE1CE4D90F000F8988 /* Build configuration list for PBXNativeTarget "CareDemoTests" */;
			buildPhases = (
				EF1389DE1CE4D90F000F8988 /* Sources */,
				EF1389DF1CE4D90F000F8988 /* Frameworks */,
				EF1389E01CE4D90F000F8988 /* Resources */,
			);
			buildRules = (
			);
			dependencies = (
				EF1389E41CE4D90F000F8988 /* PBXTargetDependency */,
			);
			name = CareDemoTests;
			productName = CareDemoTests;
			productReference = EF1389E21CE4D90F000F8988 /* CareDemoTests.xctest */;
			productType = "com.apple.product-type.bundle.unit-test";
		};
/* End PBXNativeTarget section */

/* Begin PBXProject section */
		EF1389C11CE4D90F000F8988 /* Project object */ = {
			isa = PBXProject;
			attributes = {
				CLASSPREFIX = CD;
				LastUpgradeCheck = 0730;
				ORGANIZATIONNAME = "Glenview Software";
				TargetAttributes = {
					EF1389C81CE4D90F000F8988 = {
						CreatedOnToolsVersion = 7.3.1;
						DevelopmentTeam = MUUNEV88XL;
						SystemCapabilities = {
							com.apple.HealthKit = {
								enabled = 1;
							};
						};
					};
					EF1389E11CE4D90F000F8988 = {
						CreatedOnToolsVersion = 7.3.1;
						TestTargetID = EF1389C81CE4D90F000F8988;
					};
				};
			};
			buildConfigurationList = EF1389C41CE4D90F000F8988 /* Build configuration list for PBXProject "CareDemo" */;
			compatibilityVersion = "Xcode 3.2";
			developmentRegion = English;
			hasScannedForEncodings = 0;
			knownRegions = (
				en,
				Base,
			);
			mainGroup = EF1389C01CE4D90F000F8988;
			productRefGroup = EF1389CA1CE4D90F000F8988 /* Products */;
			projectDirPath = "";
			projectReferences = (
				{
					ProductGroup = EF138A181CE6A19A000F8988 /* Products */;
					ProjectRef = EF138A171CE6A19A000F8988 /* CareKit.xcodeproj */;
				},
				{
					ProductGroup = EF318F481CEA612800463E1C /* Products */;
					ProjectRef = EF318F471CEA612800463E1C /* ResearchKit.xcodeproj */;
				},
			);
			projectRoot = "";
			targets = (
				EF1389C81CE4D90F000F8988 /* CareDemo */,
				EF1389E11CE4D90F000F8988 /* CareDemoTests */,
			);
		};
/* End PBXProject section */

/* Begin PBXReferenceProxy section */
		EF138A1E1CE6A19A000F8988 /* CareKit.framework */ = {
			isa = PBXReferenceProxy;
			fileType = wrapper.framework;
			path = CareKit.framework;
			remoteRef = EF138A1D1CE6A19A000F8988 /* PBXContainerItemProxy */;
			sourceTree = BUILT_PRODUCTS_DIR;
		};
		EF138A201CE6A19A000F8988 /* CareKitTests.xctest */ = {
			isa = PBXReferenceProxy;
			fileType = wrapper.cfbundle;
			path = CareKitTests.xctest;
			remoteRef = EF138A1F1CE6A19A000F8988 /* PBXContainerItemProxy */;
			sourceTree = BUILT_PRODUCTS_DIR;
		};
		EF318F501CEA612900463E1C /* ResearchKit.framework */ = {
			isa = PBXReferenceProxy;
			fileType = wrapper.framework;
			path = ResearchKit.framework;
			remoteRef = EF318F4F1CEA612900463E1C /* PBXContainerItemProxy */;
			sourceTree = BUILT_PRODUCTS_DIR;
		};
		EF318F521CEA612900463E1C /* ResearchKitTests.xctest */ = {
			isa = PBXReferenceProxy;
			fileType = wrapper.cfbundle;
			path = ResearchKitTests.xctest;
			remoteRef = EF318F511CEA612900463E1C /* PBXContainerItemProxy */;
			sourceTree = BUILT_PRODUCTS_DIR;
		};
/* End PBXReferenceProxy section */

/* Begin PBXResourcesBuildPhase section */
		EF1389C71CE4D90F000F8988 /* Resources */ = {
			isa = PBXResourcesBuildPhase;
			buildActionMask = 2147483647;
			files = (
				EF1389DC1CE4D90F000F8988 /* LaunchScreen.storyboard in Resources */,
				EF138A6B1CEA4993000F8988 /* Login.storyboard in Resources */,
				EF1389D91CE4D90F000F8988 /* Assets.xcassets in Resources */,
				EF1389D71CE4D90F000F8988 /* Main.storyboard in Resources */,
				EF138A681CEA497C000F8988 /* Settings.storyboard in Resources */,
			);
			runOnlyForDeploymentPostprocessing = 0;
		};
		EF1389E01CE4D90F000F8988 /* Resources */ = {
			isa = PBXResourcesBuildPhase;
			buildActionMask = 2147483647;
			files = (
			);
			runOnlyForDeploymentPostprocessing = 0;
		};
/* End PBXResourcesBuildPhase section */

/* Begin PBXSourcesBuildPhase section */
		EF1389C51CE4D90F000F8988 /* Sources */ = {
			isa = PBXSourcesBuildPhase;
			buildActionMask = 2147483647;
			files = (
				EF1389FC1CE4DB4C000F8988 /* SCDiffieHellman.cpp in Sources */,
				EF138A091CE60827000F8988 /* CDNetworkRequest.m in Sources */,
				EF1389D41CE4D90F000F8988 /* ViewController.m in Sources */,
				EF138A021CE4E99C000F8988 /* CDNetworkCookies.m in Sources */,
				EF1389F61CE4D99E000F8988 /* SCMontMath.cpp in Sources */,
				EF138A121CE62407000F8988 /* CDLoginViewController.m in Sources */,
				EF1389D11CE4D90F000F8988 /* AppDelegate.m in Sources */,
				EF138A0C1CE60842000F8988 /* CDNetworkResponse.m in Sources */,
				EF1389CE1CE4D90F000F8988 /* main.m in Sources */,
				EF1389F51CE4D99E000F8988 /* SCBigInteger.cpp in Sources */,
				EF138A051CE606CF000F8988 /* SCKeychain.m in Sources */,
				EF1389F91CE4DB32000F8988 /* SCBlowfish.cpp in Sources */,
				EF138A291CE6B466000F8988 /* CDCarePlanStoreManager.m in Sources */,
				EF1389FF1CE4E154000F8988 /* CDNetwork.mm in Sources */,
			);
			runOnlyForDeploymentPostprocessing = 0;
		};
		EF1389DE1CE4D90F000F8988 /* Sources */ = {
			isa = PBXSourcesBuildPhase;
			buildActionMask = 2147483647;
			files = (
				EF1389E71CE4D90F000F8988 /* CareDemoTests.mm in Sources */,
			);
			runOnlyForDeploymentPostprocessing = 0;
		};
/* End PBXSourcesBuildPhase section */

/* Begin PBXTargetDependency section */
		EF1389E41CE4D90F000F8988 /* PBXTargetDependency */ = {
			isa = PBXTargetDependency;
			target = EF1389C81CE4D90F000F8988 /* CareDemo */;
			targetProxy = EF1389E31CE4D90F000F8988 /* PBXContainerItemProxy */;
		};
		EF138A241CE6A1AD000F8988 /* PBXTargetDependency */ = {
			isa = PBXTargetDependency;
			name = CareKit;
			targetProxy = EF138A231CE6A1AD000F8988 /* PBXContainerItemProxy */;
		};
		EF318F561CEA615600463E1C /* PBXTargetDependency */ = {
			isa = PBXTargetDependency;
			name = ResearchKit;
			targetProxy = EF318F551CEA615600463E1C /* PBXContainerItemProxy */;
		};
/* End PBXTargetDependency section */

/* Begin PBXVariantGroup section */
		EF1389D51CE4D90F000F8988 /* Main.storyboard */ = {
			isa = PBXVariantGroup;
			children = (
				EF1389D61CE4D90F000F8988 /* Base */,
			);
			name = Main.storyboard;
			sourceTree = "<group>";
		};
		EF1389DA1CE4D90F000F8988 /* LaunchScreen.storyboard */ = {
			isa = PBXVariantGroup;
			children = (
				EF1389DB1CE4D90F000F8988 /* Base */,
			);
			name = LaunchScreen.storyboard;
			sourceTree = "<group>";
		};
		EF138A661CEA497C000F8988 /* Settings.storyboard */ = {
			isa = PBXVariantGroup;
			children = (
				EF138A671CEA497C000F8988 /* Base */,
			);
			name = Settings.storyboard;
			sourceTree = "<group>";
		};
		EF138A691CEA4993000F8988 /* Login.storyboard */ = {
			isa = PBXVariantGroup;
			children = (
				EF138A6A1CEA4993000F8988 /* Base */,
			);
			name = Login.storyboard;
			sourceTree = "<group>";
		};
/* End PBXVariantGroup section */

/* Begin XCBuildConfiguration section */
		EF1389E91CE4D90F000F8988 /* Debug */ = {
			isa = XCBuildConfiguration;
			buildSettings = {
				ALWAYS_SEARCH_USER_PATHS = NO;
				CLANG_ANALYZER_NONNULL = YES;
				CLANG_CXX_LANGUAGE_STANDARD = "gnu++0x";
				CLANG_CXX_LIBRARY = "libc++";
				CLANG_ENABLE_MODULES = YES;
				CLANG_ENABLE_OBJC_ARC = YES;
				CLANG_WARN_BOOL_CONVERSION = YES;
				CLANG_WARN_CONSTANT_CONVERSION = YES;
				CLANG_WARN_DIRECT_OBJC_ISA_USAGE = YES_ERROR;
				CLANG_WARN_EMPTY_BODY = YES;
				CLANG_WARN_ENUM_CONVERSION = YES;
				CLANG_WARN_INT_CONVERSION = YES;
				CLANG_WARN_OBJC_ROOT_CLASS = YES_ERROR;
				CLANG_WARN_UNREACHABLE_CODE = YES;
				CLANG_WARN__DUPLICATE_METHOD_MATCH = YES;
				"CODE_SIGN_IDENTITY[sdk=iphoneos*]" = "iPhone Developer";
				COPY_PHASE_STRIP = NO;
				DEBUG_INFORMATION_FORMAT = dwarf;
				ENABLE_STRICT_OBJC_MSGSEND = YES;
				ENABLE_TESTABILITY = YES;
				GCC_C_LANGUAGE_STANDARD = gnu99;
				GCC_DYNAMIC_NO_PIC = NO;
				GCC_NO_COMMON_BLOCKS = YES;
				GCC_OPTIMIZATION_LEVEL = 0;
				GCC_PREPROCESSOR_DEFINITIONS = (
					"DEBUG=1",
					"$(inherited)",
				);
				GCC_WARN_64_TO_32_BIT_CONVERSION = YES;
				GCC_WARN_ABOUT_RETURN_TYPE = YES_ERROR;
				GCC_WARN_UNDECLARED_SELECTOR = YES;
				GCC_WARN_UNINITIALIZED_AUTOS = YES_AGGRESSIVE;
				GCC_WARN_UNUSED_FUNCTION = YES;
				GCC_WARN_UNUSED_VARIABLE = YES;
				IPHONEOS_DEPLOYMENT_TARGET = 9.3;
				MTL_ENABLE_DEBUG_INFO = YES;
				ONLY_ACTIVE_ARCH = YES;
				SDKROOT = iphoneos;
			};
			name = Debug;
		};
		EF1389EA1CE4D90F000F8988 /* Release */ = {
			isa = XCBuildConfiguration;
			buildSettings = {
				ALWAYS_SEARCH_USER_PATHS = NO;
				CLANG_ANALYZER_NONNULL = YES;
				CLANG_CXX_LANGUAGE_STANDARD = "gnu++0x";
				CLANG_CXX_LIBRARY = "libc++";
				CLANG_ENABLE_MODULES = YES;
				CLANG_ENABLE_OBJC_ARC = YES;
				CLANG_WARN_BOOL_CONVERSION = YES;
				CLANG_WARN_CONSTANT_CONVERSION = YES;
				CLANG_WARN_DIRECT_OBJC_ISA_USAGE = YES_ERROR;
				CLANG_WARN_EMPTY_BODY = YES;
				CLANG_WARN_ENUM_CONVERSION = YES;
				CLANG_WARN_INT_CONVERSION = YES;
				CLANG_WARN_OBJC_ROOT_CLASS = YES_ERROR;
				CLANG_WARN_UNREACHABLE_CODE = YES;
				CLANG_WARN__DUPLICATE_METHOD_MATCH = YES;
				"CODE_SIGN_IDENTITY[sdk=iphoneos*]" = "iPhone Developer";
				COPY_PHASE_STRIP = NO;
				DEBUG_INFORMATION_FORMAT = "dwarf-with-dsym";
				ENABLE_NS_ASSERTIONS = NO;
				ENABLE_STRICT_OBJC_MSGSEND = YES;
				GCC_C_LANGUAGE_STANDARD = gnu99;
				GCC_NO_COMMON_BLOCKS = YES;
				GCC_WARN_64_TO_32_BIT_CONVERSION = YES;
				GCC_WARN_ABOUT_RETURN_TYPE = YES_ERROR;
				GCC_WARN_UNDECLARED_SELECTOR = YES;
				GCC_WARN_UNINITIALIZED_AUTOS = YES_AGGRESSIVE;
				GCC_WARN_UNUSED_FUNCTION = YES;
				GCC_WARN_UNUSED_VARIABLE = YES;
				IPHONEOS_DEPLOYMENT_TARGET = 9.3;
				MTL_ENABLE_DEBUG_INFO = NO;
				SDKROOT = iphoneos;
				VALIDATE_PRODUCT = YES;
			};
			name = Release;
		};
		EF1389EC1CE4D90F000F8988 /* Debug */ = {
			isa = XCBuildConfiguration;
			buildSettings = {
				ASSETCATALOG_COMPILER_APPICON_NAME = AppIcon;
				CODE_SIGN_ENTITLEMENTS = CareDemo/CareDemo.entitlements;
				EMBEDDED_CONTENT_CONTAINS_SWIFT = YES;
				INFOPLIST_FILE = CareDemo/Info.plist;
				IPHONEOS_DEPLOYMENT_TARGET = 9.0;
				LD_RUNPATH_SEARCH_PATHS = "$(inherited) @executable_path/Frameworks";
				PRODUCT_BUNDLE_IDENTIFIER = com.chaosinmotion.CareDemo;
				PRODUCT_NAME = "$(TARGET_NAME)";
			};
			name = Debug;
		};
		EF1389ED1CE4D90F000F8988 /* Release */ = {
			isa = XCBuildConfiguration;
			buildSettings = {
				ASSETCATALOG_COMPILER_APPICON_NAME = AppIcon;
				CODE_SIGN_ENTITLEMENTS = CareDemo/CareDemo.entitlements;
				EMBEDDED_CONTENT_CONTAINS_SWIFT = YES;
				INFOPLIST_FILE = CareDemo/Info.plist;
				IPHONEOS_DEPLOYMENT_TARGET = 9.0;
				LD_RUNPATH_SEARCH_PATHS = "$(inherited) @executable_path/Frameworks";
				PRODUCT_BUNDLE_IDENTIFIER = com.chaosinmotion.CareDemo;
				PRODUCT_NAME = "$(TARGET_NAME)";
			};
			name = Release;
		};
		EF1389EF1CE4D90F000F8988 /* Debug */ = {
			isa = XCBuildConfiguration;
			buildSettings = {
				BUNDLE_LOADER = "$(TEST_HOST)";
				INFOPLIST_FILE = CareDemoTests/Info.plist;
				LD_RUNPATH_SEARCH_PATHS = "$(inherited) @executable_path/Frameworks @loader_path/Frameworks";
				PRODUCT_BUNDLE_IDENTIFIER = com.chaosinmotion.CareDemoTests;
				PRODUCT_NAME = "$(TARGET_NAME)";
				TEST_HOST = "$(BUILT_PRODUCTS_DIR)/CareDemo.app/CareDemo";
			};
			name = Debug;
		};
		EF1389F01CE4D90F000F8988 /* Release */ = {
			isa = XCBuildConfiguration;
			buildSettings = {
				BUNDLE_LOADER = "$(TEST_HOST)";
				INFOPLIST_FILE = CareDemoTests/Info.plist;
				LD_RUNPATH_SEARCH_PATHS = "$(inherited) @executable_path/Frameworks @loader_path/Frameworks";
				PRODUCT_BUNDLE_IDENTIFIER = com.chaosinmotion.CareDemoTests;
				PRODUCT_NAME = "$(TARGET_NAME)";
				TEST_HOST = "$(BUILT_PRODUCTS_DIR)/CareDemo.app/CareDemo";
			};
			name = Release;
		};
/* End XCBuildConfiguration section */

/* Begin XCConfigurationList section */
		EF1389C41CE4D90F000F8988 /* Build configuration list for PBXProject "CareDemo" */ = {
			isa = XCConfigurationList;
			buildConfigurations = (
				EF1389E91CE4D90F000F8988 /* Debug */,
				EF1389EA1CE4D90F000F8988 /* Release */,
			);
			defaultConfigurationIsVisible = 0;
			defaultConfigurationName = Release;
		};
		EF1389EB1CE4D90F000F8988 /* Build configuration list for PBXNativeTarget "CareDemo" */ = {
			isa = XCConfigurationList;
			buildConfigurations = (
				EF1389EC1CE4D90F000F8988 /* Debug */,
				EF1389ED1CE4D90F000F8988 /* Release */,
			);
			defaultConfigurationIsVisible = 0;
			defaultConfigurationName = Release;
		};
		EF1389EE1CE4D90F000F8988 /* Build configuration list for PBXNativeTarget "CareDemoTests" */ = {
			isa = XCConfigurationList;
			buildConfigurations = (
				EF1389EF1CE4D90F000F8988 /* Debug */,
				EF1389F01CE4D90F000F8988 /* Release */,
			);
			defaultConfigurationIsVisible = 0;
			defaultConfigurationName = Release;
		};
/* End XCConfigurationList section */
	};
	rootObject = EF1389C11CE4D90F000F8988 /* Project object */;
}
